// !$*UTF8*$!
{
	archiveVersion = 1;
	classes = {
	};
	objectVersion = 56;
	objects = {

/* Begin PBXBuildFile section */
		6BEFFAB6297DC384000FBB8A /* SUILesson7_9App.swift in Sources */ = {isa = PBXBuildFile; fileRef = 6BEFFAB5297DC384000FBB8A /* SUILesson7_9App.swift */; };
		6BEFFAB8297DC384000FBB8A /* MainScreenView.swift in Sources */ = {isa = PBXBuildFile; fileRef = 6BEFFAB7297DC384000FBB8A /* MainScreenView.swift */; };
		6BEFFABA297DC388000FBB8A /* Assets.xcassets in Resources */ = {isa = PBXBuildFile; fileRef = 6BEFFAB9297DC388000FBB8A /* Assets.xcassets */; };
		6BEFFABD297DC388000FBB8A /* Preview Assets.xcassets in Resources */ = {isa = PBXBuildFile; fileRef = 6BEFFABC297DC388000FBB8A /* Preview Assets.xcassets */; };
		6BEFFAC5297DE777000FBB8A /* StartVPNview.swift in Sources */ = {isa = PBXBuildFile; fileRef = 6BEFFAC4297DE777000FBB8A /* StartVPNview.swift */; };
		6BEFFAC8297DE853000FBB8A /* PurchaseView.swift in Sources */ = {isa = PBXBuildFile; fileRef = 6BEFFAC7297DE853000FBB8A /* PurchaseView.swift */; };
		6BEFFACB297DE910000FBB8A /* BasketView.swift in Sources */ = {isa = PBXBuildFile; fileRef = 6BEFFACA297DE910000FBB8A /* BasketView.swift */; };
		6BEFFACE297DE974000FBB8A /* Models.swift in Sources */ = {isa = PBXBuildFile; fileRef = 6BEFFACD297DE974000FBB8A /* Models.swift */; };
		6BEFFAD1297DFE9D000FBB8A /* ThemeSettings.swift in Sources */ = {isa = PBXBuildFile; fileRef = 6BEFFAD0297DFE9D000FBB8A /* ThemeSettings.swift */; };
/* End PBXBuildFile section */

/* Begin PBXFileReference section */
		6BEFFAB2297DC384000FBB8A /* SUILesson7_9.app */ = {isa = PBXFileReference; explicitFileType = wrapper.application; includeInIndex = 0; path = SUILesson7_9.app; sourceTree = BUILT_PRODUCTS_DIR; };
		6BEFFAB5297DC384000FBB8A /* SUILesson7_9App.swift */ = {isa = PBXFileReference; lastKnownFileType = sourcecode.swift; path = SUILesson7_9App.swift; sourceTree = "<group>"; };
		6BEFFAB7297DC384000FBB8A /* MainScreenView.swift */ = {isa = PBXFileReference; lastKnownFileType = sourcecode.swift; path = MainScreenView.swift; sourceTree = "<group>"; };
		6BEFFAB9297DC388000FBB8A /* Assets.xcassets */ = {isa = PBXFileReference; lastKnownFileType = folder.assetcatalog; path = Assets.xcassets; sourceTree = "<group>"; };
		6BEFFABC297DC388000FBB8A /* Preview Assets.xcassets */ = {isa = PBXFileReference; lastKnownFileType = folder.assetcatalog; path = "Preview Assets.xcassets"; sourceTree = "<group>"; };
		6BEFFAC4297DE777000FBB8A /* StartVPNview.swift */ = {isa = PBXFileReference; lastKnownFileType = sourcecode.swift; path = StartVPNview.swift; sourceTree = "<group>"; };
		6BEFFAC7297DE853000FBB8A /* PurchaseView.swift */ = {isa = PBXFileReference; lastKnownFileType = sourcecode.swift; path = PurchaseView.swift; sourceTree = "<group>"; };
		6BEFFACA297DE910000FBB8A /* BasketView.swift */ = {isa = PBXFileReference; lastKnownFileType = sourcecode.swift; path = BasketView.swift; sourceTree = "<group>"; };
		6BEFFACD297DE974000FBB8A /* Models.swift */ = {isa = PBXFileReference; lastKnownFileType = sourcecode.swift; path = Models.swift; sourceTree = "<group>"; };
		6BEFFAD0297DFE9D000FBB8A /* ThemeSettings.swift */ = {isa = PBXFileReference; lastKnownFileType = sourcecode.swift; path = ThemeSettings.swift; sourceTree = "<group>"; };
/* End PBXFileReference section */

/* Begin PBXFrameworksBuildPhase section */
		6BEFFAAF297DC384000FBB8A /* Frameworks */ = {
			isa = PBXFrameworksBuildPhase;
			buildActionMask = 2147483647;
			files = (
			);
			runOnlyForDeploymentPostprocessing = 0;
		};
/* End PBXFrameworksBuildPhase section */

/* Begin PBXGroup section */
		6BEFFAA9297DC384000FBB8A = {
			isa = PBXGroup;
			children = (
				6BEFFAB4297DC384000FBB8A /* SUILesson7_9 */,
				6BEFFAB3297DC384000FBB8A /* Products */,
			);
			sourceTree = "<group>";
		};
		6BEFFAB3297DC384000FBB8A /* Products */ = {
			isa = PBXGroup;
			children = (
				6BEFFAB2297DC384000FBB8A /* SUILesson7_9.app */,
			);
			name = Products;
			sourceTree = "<group>";
		};
		6BEFFAB4297DC384000FBB8A /* SUILesson7_9 */ = {
			isa = PBXGroup;
			children = (
				6BEFFACF297DFE87000FBB8A /* SettingsView */,
				6BEFFACC297DE967000FBB8A /* Models */,
				6BEFFAC9297DE8FB000FBB8A /* BasketView */,
				6BEFFAC6297DE838000FBB8A /* PurchaseView */,
				6BEFFAC3297DE752000FBB8A /* StartVPNview */,
				6BEFFAB5297DC384000FBB8A /* SUILesson7_9App.swift */,
				6BEFFAB7297DC384000FBB8A /* MainScreenView.swift */,
				6BEFFAB9297DC388000FBB8A /* Assets.xcassets */,
				6BEFFABB297DC388000FBB8A /* Preview Content */,
			);
			path = SUILesson7_9;
			sourceTree = "<group>";
		};
		6BEFFABB297DC388000FBB8A /* Preview Content */ = {
			isa = PBXGroup;
			children = (
				6BEFFABC297DC388000FBB8A /* Preview Assets.xcassets */,
			);
			path = "Preview Content";
			sourceTree = "<group>";
		};
		6BEFFAC3297DE752000FBB8A /* StartVPNview */ = {
			isa = PBXGroup;
			children = (
				6BEFFAC4297DE777000FBB8A /* StartVPNview.swift */,
			);
			path = StartVPNview;
			sourceTree = "<group>";
		};
		6BEFFAC6297DE838000FBB8A /* PurchaseView */ = {
			isa = PBXGroup;
			children = (
				6BEFFAC7297DE853000FBB8A /* PurchaseView.swift */,
			);
			path = PurchaseView;
			sourceTree = "<group>";
		};
		6BEFFAC9297DE8FB000FBB8A /* BasketView */ = {
			isa = PBXGroup;
			children = (
				6BEFFACA297DE910000FBB8A /* BasketView.swift */,
			);
			path = BasketView;
			sourceTree = "<group>";
		};
		6BEFFACC297DE967000FBB8A /* Models */ = {
			isa = PBXGroup;
			children = (
				6BEFFACD297DE974000FBB8A /* Models.swift */,
			);
			path = Models;
			sourceTree = "<group>";
		};
		6BEFFACF297DFE87000FBB8A /* SettingsView */ = {
			isa = PBXGroup;
			children = (
				6BEFFAD0297DFE9D000FBB8A /* ThemeSettings.swift */,
			);
			path = SettingsView;
			sourceTree = "<group>";
		};
/* End PBXGroup section */

/* Begin PBXNativeTarget section */
		6BEFFAB1297DC384000FBB8A /* SUILesson7_9 */ = {
			isa = PBXNativeTarget;
			buildConfigurationList = 6BEFFAC0297DC388000FBB8A /* Build configuration list for PBXNativeTarget "SUILesson7_9" */;
			buildPhases = (
				6BEFFAAE297DC384000FBB8A /* Sources */,
				6BEFFAAF297DC384000FBB8A /* Frameworks */,
				6BEFFAB0297DC384000FBB8A /* Resources */,
			);
			buildRules = (
			);
			dependencies = (
			);
			name = SUILesson7_9;
			productName = SUILesson7_9;
			productReference = 6BEFFAB2297DC384000FBB8A /* SUILesson7_9.app */;
			productType = "com.apple.product-type.application";
		};
/* End PBXNativeTarget section */

/* Begin PBXProject section */
		6BEFFAAA297DC384000FBB8A /* Project object */ = {
			isa = PBXProject;
			attributes = {
				BuildIndependentTargetsInParallel = 1;
				LastSwiftUpdateCheck = 1410;
				LastUpgradeCheck = 1410;
				TargetAttributes = {
					6BEFFAB1297DC384000FBB8A = {
						CreatedOnToolsVersion = 14.1;
					};
				};
			};
			buildConfigurationList = 6BEFFAAD297DC384000FBB8A /* Build configuration list for PBXProject "SUILesson7_9" */;
			compatibilityVersion = "Xcode 14.0";
			developmentRegion = en;
			hasScannedForEncodings = 0;
			knownRegions = (
				en,
				Base,
			);
			mainGroup = 6BEFFAA9297DC384000FBB8A;
			productRefGroup = 6BEFFAB3297DC384000FBB8A /* Products */;
			projectDirPath = "";
			projectRoot = "";
			targets = (
				6BEFFAB1297DC384000FBB8A /* SUILesson7_9 */,
			);
		};
/* End PBXProject section */

/* Begin PBXResourcesBuildPhase section */
		6BEFFAB0297DC384000FBB8A /* Resources */ = {
			isa = PBXResourcesBuildPhase;
			buildActionMask = 2147483647;
			files = (
				6BEFFABD297DC388000FBB8A /* Preview Assets.xcassets in Resources */,
				6BEFFABA297DC388000FBB8A /* Assets.xcassets in Resources */,
			);
			runOnlyForDeploymentPostprocessing = 0;
		};
/* End PBXResourcesBuildPhase section */

/* Begin PBXSourcesBuildPhase section */
		6BEFFAAE297DC384000FBB8A /* Sources */ = {
			isa = PBXSourcesBuildPhase;
			buildActionMask = 2147483647;
			files = (
				6BEFFAD1297DFE9D000FBB8A /* ThemeSettings.swift in Sources */,
				6BEFFACB297DE910000FBB8A /* BasketView.swift in Sources */,
				6BEFFAC5297DE777000FBB8A /* StartVPNview.swift in Sources */,
				6BEFFAB8297DC384000FBB8A /* MainScreenView.swift in Sources */,
				6BEFFACE297DE974000FBB8A /* Models.swift in Sources */,
				6BEFFAC8297DE853000FBB8A /* PurchaseView.swift in Sources */,
				6BEFFAB6297DC384000FBB8A /* SUILesson7_9App.swift in Sources */,
			);
			runOnlyForDeploymentPostprocessing = 0;
		};
/* End PBXSourcesBuildPhase section */

/* Begin XCBuildConfiguration section */
		6BEFFABE297DC388000FBB8A /* Debug */ = {
			isa = XCBuildConfiguration;
			buildSettings = {
				ALWAYS_SEARCH_USER_PATHS = NO;
				CLANG_ANALYZER_NONNULL = YES;
				CLANG_ANALYZER_NUMBER_OBJECT_CONVERSION = YES_AGGRESSIVE;
				CLANG_CXX_LANGUAGE_STANDARD = "gnu++20";
				CLANG_ENABLE_MODULES = YES;
				CLANG_ENABLE_OBJC_ARC = YES;
				CLANG_ENABLE_OBJC_WEAK = YES;
				CLANG_WARN_BLOCK_CAPTURE_AUTORELEASING = YES;
				CLANG_WARN_BOOL_CONVERSION = YES;
				CLANG_WARN_COMMA = YES;
				CLANG_WARN_CONSTANT_CONVERSION = YES;
				CLANG_WARN_DEPRECATED_OBJC_IMPLEMENTATIONS = YES;
				CLANG_WARN_DIRECT_OBJC_ISA_USAGE = YES_ERROR;
				CLANG_WARN_DOCUMENTATION_COMMENTS = YES;
				CLANG_WARN_EMPTY_BODY = YES;
				CLANG_WARN_ENUM_CONVERSION = YES;
				CLANG_WARN_INFINITE_RECURSION = YES;
				CLANG_WARN_INT_CONVERSION = YES;
				CLANG_WARN_NON_LITERAL_NULL_CONVERSION = YES;
				CLANG_WARN_OBJC_IMPLICIT_RETAIN_SELF = YES;
				CLANG_WARN_OBJC_LITERAL_CONVERSION = YES;
				CLANG_WARN_OBJC_ROOT_CLASS = YES_ERROR;
				CLANG_WARN_QUOTED_INCLUDE_IN_FRAMEWORK_HEADER = YES;
				CLANG_WARN_RANGE_LOOP_ANALYSIS = YES;
				CLANG_WARN_STRICT_PROTOTYPES = YES;
				CLANG_WARN_SUSPICIOUS_MOVE = YES;
				CLANG_WARN_UNGUARDED_AVAILABILITY = YES_AGGRESSIVE;
				CLANG_WARN_UNREACHABLE_CODE = YES;
				CLANG_WARN__DUPLICATE_METHOD_MATCH = YES;
				COPY_PHASE_STRIP = NO;
				DEBUG_INFORMATION_FORMAT = dwarf;
				ENABLE_STRICT_OBJC_MSGSEND = YES;
				ENABLE_TESTABILITY = YES;
				GCC_C_LANGUAGE_STANDARD = gnu11;
				GCC_DYNAMIC_NO_PIC = NO;
				GCC_NO_COMMON_BLOCKS = YES;
				GCC_OPTIMIZATION_LEVEL = 0;
				GCC_PREPROCESSOR_DEFINITIONS = (
					"DEBUG=1",
					"$(inherited)",
				);
				GCC_WARN_64_TO_32_BIT_CONVERSION = YES;
				GCC_WARN_ABOUT_RETURN_TYPE = YES_ERROR;
				GCC_WARN_UNDECLARED_SELECTOR = YES;
				GCC_WARN_UNINITIALIZED_AUTOS = YES_AGGRESSIVE;
				GCC_WARN_UNUSED_FUNCTION = YES;
				GCC_WARN_UNUSED_VARIABLE = YES;
				IPHONEOS_DEPLOYMENT_TARGET = 16.1;
				MTL_ENABLE_DEBUG_INFO = INCLUDE_SOURCE;
				MTL_FAST_MATH = YES;
				ONLY_ACTIVE_ARCH = YES;
				SDKROOT = iphoneos;
				SWIFT_ACTIVE_COMPILATION_CONDITIONS = DEBUG;
				SWIFT_OPTIMIZATION_LEVEL = "-Onone";
			};
			name = Debug;
		};
		6BEFFABF297DC388000FBB8A /* Release */ = {
			isa = XCBuildConfiguration;
			buildSettings = {
				ALWAYS_SEARCH_USER_PATHS = NO;
				CLANG_ANALYZER_NONNULL = YES;
				CLANG_ANALYZER_NUMBER_OBJECT_CONVERSION = YES_AGGRESSIVE;
				CLANG_CXX_LANGUAGE_STANDARD = "gnu++20";
				CLANG_ENABLE_MODULES = YES;
				CLANG_ENABLE_OBJC_ARC = YES;
				CLANG_ENABLE_OBJC_WEAK = YES;
				CLANG_WARN_BLOCK_CAPTURE_AUTORELEASING = YES;
				CLANG_WARN_BOOL_CONVERSION = YES;
				CLANG_WARN_COMMA = YES;
				CLANG_WARN_CONSTANT_CONVERSION = YES;
				CLANG_WARN_DEPRECATED_OBJC_IMPLEMENTATIONS = YES;
				CLANG_WARN_DIRECT_OBJC_ISA_USAGE = YES_ERROR;
				CLANG_WARN_DOCUMENTATION_COMMENTS = YES;
				CLANG_WARN_EMPTY_BODY = YES;
				CLANG_WARN_ENUM_CONVERSION = YES;
				CLANG_WARN_INFINITE_RECURSION = YES;
				CLANG_WARN_INT_CONVERSION = YES;
				CLANG_WARN_NON_LITERAL_NULL_CONVERSION = YES;
				CLANG_WARN_OBJC_IMPLICIT_RETAIN_SELF = YES;
				CLANG_WARN_OBJC_LITERAL_CONVERSION = YES;
				CLANG_WARN_OBJC_ROOT_CLASS = YES_ERROR;
				CLANG_WARN_QUOTED_INCLUDE_IN_FRAMEWORK_HEADER = YES;
				CLANG_WARN_RANGE_LOOP_ANALYSIS = YES;
				CLANG_WARN_STRICT_PROTOTYPES = YES;
				CLANG_WARN_SUSPICIOUS_MOVE = YES;
				CLANG_WARN_UNGUARDED_AVAILABILITY = YES_AGGRESSIVE;
				CLANG_WARN_UNREACHABLE_CODE = YES;
				CLANG_WARN__DUPLICATE_METHOD_MATCH = YES;
				COPY_PHASE_STRIP = NO;
				DEBUG_INFORMATION_FORMAT = "dwarf-with-dsym";
				ENABLE_NS_ASSERTIONS = NO;
				ENABLE_STRICT_OBJC_MSGSEND = YES;
				GCC_C_LANGUAGE_STANDARD = gnu11;
				GCC_NO_COMMON_BLOCKS = YES;
				GCC_WARN_64_TO_32_BIT_CONVERSION = YES;
				GCC_WARN_ABOUT_RETURN_TYPE = YES_ERROR;
				GCC_WARN_UNDECLARED_SELECTOR = YES;
				GCC_WARN_UNINITIALIZED_AUTOS = YES_AGGRESSIVE;
				GCC_WARN_UNUSED_FUNCTION = YES;
				GCC_WARN_UNUSED_VARIABLE = YES;
				IPHONEOS_DEPLOYMENT_TARGET = 16.1;
				MTL_ENABLE_DEBUG_INFO = NO;
				MTL_FAST_MATH = YES;
				SDKROOT = iphoneos;
				SWIFT_COMPILATION_MODE = wholemodule;
				SWIFT_OPTIMIZATION_LEVEL = "-O";
				VALIDATE_PRODUCT = YES;
			};
			name = Release;
		};
		6BEFFAC1297DC388000FBB8A /* Debug */ = {
			isa = XCBuildConfiguration;
			buildSettings = {
				ASSETCATALOG_COMPILER_APPICON_NAME = AppIcon;
				ASSETCATALOG_COMPILER_GLOBAL_ACCENT_COLOR_NAME = AccentColor;
				CODE_SIGN_STYLE = Automatic;
				CURRENT_PROJECT_VERSION = 1;
				DEVELOPMENT_ASSET_PATHS = "\"SUILesson7_9/Preview Content\"";
				DEVELOPMENT_TEAM = RFQV2J5FYV;
				ENABLE_PREVIEWS = YES;
				GENERATE_INFOPLIST_FILE = YES;
				INFOPLIST_KEY_UIApplicationSceneManifest_Generation = YES;
				INFOPLIST_KEY_UIApplicationSupportsIndirectInputEvents = YES;
				INFOPLIST_KEY_UILaunchScreen_Generation = YES;
				INFOPLIST_KEY_UISupportedInterfaceOrientations_iPad = "UIInterfaceOrientationPortrait UIInterfaceOrientationPortraitUpsideDown UIInterfaceOrientationLandscapeLeft UIInterfaceOrientationLandscapeRight";
				INFOPLIST_KEY_UISupportedInterfaceOrientations_iPhone = "UIInterfaceOrientationPortrait UIInterfaceOrientationLandscapeLeft UIInterfaceOrientationLandscapeRight";
				LD_RUNPATH_SEARCH_PATHS = (
					"$(inherited)",
					"@executable_path/Frameworks",
				);
				MARKETING_VERSION = 1.0;
				PRODUCT_BUNDLE_IDENTIFIER = "someacc.SUILesson7-9";
				PRODUCT_NAME = "$(TARGET_NAME)";
				SWIFT_EMIT_LOC_STRINGS = YES;
				SWIFT_VERSION = 5.0;
				TARGETED_DEVICE_FAMILY = "1,2";
			};
			name = Debug;
		};
		6BEFFAC2297DC388000FBB8A /* Release */ = {
			isa = XCBuildConfiguration;
			buildSettings = {
				ASSETCATALOG_COMPILER_APPICON_NAME = AppIcon;
				ASSETCATALOG_COMPILER_GLOBAL_ACCENT_COLOR_NAME = AccentColor;
				CODE_SIGN_STYLE = Automatic;
				CURRENT_PROJECT_VERSION = 1;
				DEVELOPMENT_ASSET_PATHS = "\"SUILesson7_9/Preview Content\"";
				DEVELOPMENT_TEAM = RFQV2J5FYV;
				ENABLE_PREVIEWS = YES;
				GENERATE_INFOPLIST_FILE = YES;
				INFOPLIST_KEY_UIApplicationSceneManifest_Generation = YES;
				INFOPLIST_KEY_UIApplicationSupportsIndirectInputEvents = YES;
				INFOPLIST_KEY_UILaunchScreen_Generation = YES;
				INFOPLIST_KEY_UISupportedInterfaceOrientations_iPad = "UIInterfaceOrientationPortrait UIInterfaceOrientationPortraitUpsideDown UIInterfaceOrientationLandscapeLeft UIInterfaceOrientationLandscapeRight";
				INFOPLIST_KEY_UISupportedInterfaceOrientations_iPhone = "UIInterfaceOrientationPortrait UIInterfaceOrientationLandscapeLeft UIInterfaceOrientationLandscapeRight";
				LD_RUNPATH_SEARCH_PATHS = (
					"$(inherited)",
					"@executable_path/Frameworks",
				);
				MARKETING_VERSION = 1.0;
				PRODUCT_BUNDLE_IDENTIFIER = "someacc.SUILesson7-9";
				PRODUCT_NAME = "$(TARGET_NAME)";
				SWIFT_EMIT_LOC_STRINGS = YES;
				SWIFT_VERSION = 5.0;
				TARGETED_DEVICE_FAMILY = "1,2";
			};
			name = Release;
		};
/* End XCBuildConfiguration section */

/* Begin XCConfigurationList section */
		6BEFFAAD297DC384000FBB8A /* Build configuration list for PBXProject "SUILesson7_9" */ = {
			isa = XCConfigurationList;
			buildConfigurations = (
				6BEFFABE297DC388000FBB8A /* Debug */,
				6BEFFABF297DC388000FBB8A /* Release */,
			);
			defaultConfigurationIsVisible = 0;
			defaultConfigurationName = Release;
		};
		6BEFFAC0297DC388000FBB8A /* Build configuration list for PBXNativeTarget "SUILesson7_9" */ = {
			isa = XCConfigurationList;
			buildConfigurations = (
				6BEFFAC1297DC388000FBB8A /* Debug */,
				6BEFFAC2297DC388000FBB8A /* Release */,
			);
			defaultConfigurationIsVisible = 0;
			defaultConfigurationName = Release;
		};
/* End XCConfigurationList section */
	};
	rootObject = 6BEFFAAA297DC384000FBB8A /* Project object */;
}
